
Microsoft Visual Studio Solution File, Format Version 12.00
# Visual Studio 2012
Project("{D954291E-2A0B-460D-934E-DC6B0785DB48}") = "MedMobile", "MedMobile\MedMobile.shproj", "{A6D42A7C-5F0C-4EDB-AA0A-5A9C7D22C011}"
EndProject
Project("{FAE04EC0-301F-11D3-BF4B-00C04F79EFBC}") = "MedMobile.iOS", "iOS\MedMobile.iOS.csproj", "{1DBCE6A3-7435-4267-A9D9-892727C29AE5}"
EndProject
Project("{FAE04EC0-301F-11D3-BF4B-00C04F79EFBC}") = "MedMobile.Android", "Android\MedMobile.Android.csproj", "{9C6A9DE7-72A7-4547-A0FA-DE8235527986}"
EndProject
Global
	GlobalSection(SolutionConfigurationPlatforms) = preSolution
		Debug|iPhoneSimulator = Debug|iPhoneSimulator
		Release|iPhoneSimulator = Release|iPhoneSimulator
		Debug|iPhone = Debug|iPhone
		Release|iPhone = Release|iPhone
		Ad-Hoc|iPhone = Ad-Hoc|iPhone
		AppStore|iPhone = AppStore|iPhone
		Debug|Any CPU = Debug|Any CPU
		Release|Any CPU = Release|Any CPU
	EndGlobalSection
	GlobalSection(ProjectConfigurationPlatforms) = postSolution
		{1DBCE6A3-7435-4267-A9D9-892727C29AE5}.Ad-Hoc|iPhone.ActiveCfg = Ad-Hoc|iPhone
		{1DBCE6A3-7435-4267-A9D9-892727C29AE5}.Ad-Hoc|iPhone.Build.0 = Ad-Hoc|iPhone
		{1DBCE6A3-7435-4267-A9D9-892727C29AE5}.AppStore|iPhone.ActiveCfg = AppStore|iPhone
		{1DBCE6A3-7435-4267-A9D9-892727C29AE5}.AppStore|iPhone.Build.0 = AppStore|iPhone
		{1DBCE6A3-7435-4267-A9D9-892727C29AE5}.Debug|Any CPU.ActiveCfg = Debug|iPhoneSimulator
		{1DBCE6A3-7435-4267-A9D9-892727C29AE5}.Debug|Any CPU.Build.0 = Debug|iPhoneSimulator
		{1DBCE6A3-7435-4267-A9D9-892727C29AE5}.Debug|iPhone.ActiveCfg = Debug|iPhone
		{1DBCE6A3-7435-4267-A9D9-892727C29AE5}.Debug|iPhone.Build.0 = Debug|iPhone
		{1DBCE6A3-7435-4267-A9D9-892727C29AE5}.Debug|iPhoneSimulator.ActiveCfg = Debug|iPhoneSimulator
		{1DBCE6A3-7435-4267-A9D9-892727C29AE5}.Debug|iPhoneSimulator.Build.0 = Debug|iPhoneSimulator
		{1DBCE6A3-7435-4267-A9D9-892727C29AE5}.Release|Any CPU.ActiveCfg = Release|iPhoneSimulator
		{1DBCE6A3-7435-4267-A9D9-892727C29AE5}.Release|Any CPU.Build.0 = Release|iPhoneSimulator
		{1DBCE6A3-7435-4267-A9D9-892727C29AE5}.Release|iPhone.ActiveCfg = Release|iPhone
		{1DBCE6A3-7435-4267-A9D9-892727C29AE5}.Release|iPhone.Build.0 = Release|iPhone
		{1DBCE6A3-7435-4267-A9D9-892727C29AE5}.Release|iPhoneSimulator.ActiveCfg = Release|iPhoneSimulator
		{1DBCE6A3-7435-4267-A9D9-892727C29AE5}.Release|iPhoneSimulator.Build.0 = Release|iPhoneSimulator
		{9C6A9DE7-72A7-4547-A0FA-DE8235527986}.Ad-Hoc|iPhone.ActiveCfg = Release|Any CPU
		{9C6A9DE7-72A7-4547-A0FA-DE8235527986}.Ad-Hoc|iPhone.Build.0 = Release|Any CPU
		{9C6A9DE7-72A7-4547-A0FA-DE8235527986}.AppStore|iPhone.ActiveCfg = Release|Any CPU
		{9C6A9DE7-72A7-4547-A0FA-DE8235527986}.AppStore|iPhone.Build.0 = Release|Any CPU
		{9C6A9DE7-72A7-4547-A0FA-DE8235527986}.Debug|Any CPU.ActiveCfg = Debug|Any CPU
		{9C6A9DE7-72A7-4547-A0FA-DE8235527986}.Debug|Any CPU.Build.0 = Debug|Any CPU
		{9C6A9DE7-72A7-4547-A0FA-DE8235527986}.Debug|iPhone.ActiveCfg = Debug|Any CPU
		{9C6A9DE7-72A7-4547-A0FA-DE8235527986}.Debug|iPhone.Build.0 = Debug|Any CPU
		{9C6A9DE7-72A7-4547-A0FA-DE8235527986}.Debug|iPhoneSimulator.ActiveCfg = Debug|Any CPU
		{9C6A9DE7-72A7-4547-A0FA-DE8235527986}.Debug|iPhoneSimulator.Build.0 = Debug|Any CPU
		{9C6A9DE7-72A7-4547-A0FA-DE8235527986}.Release|Any CPU.ActiveCfg = Release|Any CPU
		{9C6A9DE7-72A7-4547-A0FA-DE8235527986}.Release|Any CPU.Build.0 = Release|Any CPU
		{9C6A9DE7-72A7-4547-A0FA-DE8235527986}.Release|iPhone.ActiveCfg = Release|Any CPU
		{9C6A9DE7-72A7-4547-A0FA-DE8235527986}.Release|iPhone.Build.0 = Release|Any CPU
		{9C6A9DE7-72A7-4547-A0FA-DE8235527986}.Release|iPhoneSimulator.ActiveCfg = Release|Any CPU
		{9C6A9DE7-72A7-4547-A0FA-DE8235527986}.Release|iPhoneSimulator.Build.0 = Release|Any CPU
	EndGlobalSection
	GlobalSection(MonoDevelopProperties) = preSolution
		StartupItem = iOS\MedMobile.iOS.csproj
	EndGlobalSection
EndGlobal
